
Microsoft Visual Studio Solution File, Format Version 12.00
# Visual Studio Version 17
VisualStudioVersion = 17.5.33502.453
MinimumVisualStudioVersion = 10.0.40219.1
Project("{FAE04EC0-301F-11D3-BF4B-00C04F79EFBC}") = "Slike", "Slike\Slike.csproj", "{FC467BCC-C20B-48B0-936D-4754EADE53CD}"
EndProject
Global
	GlobalSection(SolutionConfigurationPlatforms) = preSolution
		Debug|Any CPU = Debug|Any CPU
		Release|Any CPU = Release|Any CPU
	EndGlobalSection
	GlobalSection(ProjectConfigurationPlatforms) = postSolution
		{FC467BCC-C20B-48B0-936D-4754EADE53CD}.Debug|Any CPU.ActiveCfg = Debug|Any CPU
		{FC467BCC-C20B-48B0-936D-4754EADE53CD}.Debug|Any CPU.Build.0 = Debug|Any CPU
		{FC467BCC-C20B-48B0-936D-4754EADE53CD}.Release|Any CPU.ActiveCfg = Release|Any CPU
		{FC467BCC-C20B-48B0-936D-4754EADE53CD}.Release|Any CPU.Build.0 = Release|Any CPU
	EndGlobalSection
	GlobalSection(SolutionProperties) = preSolution
		HideSolutionNode = FALSE
	EndGlobalSection
	GlobalSection(ExtensibilityGlobals) = postSolution
		SolutionGuid = {1560A9AB-CC93-4FA9-8F29-8310347F066F}
	EndGlobalSection
EndGlobal
